
Microsoft Visual Studio Solution File, Format Version 12.00
# Visual Studio Version 16
VisualStudioVersion = 16.0.32126.315
MinimumVisualStudioVersion = 10.0.40219.1
Project("{FAE04EC0-301F-11D3-BF4B-00C04F79EFBC}") = "setup 01", "setup 01.csproj", "{FF029DD3-C467-4DC0-A783-3EC5C70A3665}"
EndProject
Global
	GlobalSection(SolutionConfigurationPlatforms) = preSolution
		Debug|Any CPU = Debug|Any CPU
		Release|Any CPU = Release|Any CPU
	EndGlobalSection
	GlobalSection(ProjectConfigurationPlatforms) = postSolution
		{FF029DD3-C467-4DC0-A783-3EC5C70A3665}.Debug|Any CPU.ActiveCfg = Debug|Any CPU
		{FF029DD3-C467-4DC0-A783-3EC5C70A3665}.Debug|Any CPU.Build.0 = Debug|Any CPU
		{FF029DD3-C467-4DC0-A783-3EC5C70A3665}.Release|Any CPU.ActiveCfg = Release|Any CPU
		{FF029DD3-C467-4DC0-A783-3EC5C70A3665}.Release|Any CPU.Build.0 = Release|Any CPU
	EndGlobalSection
	GlobalSection(SolutionProperties) = preSolution
		HideSolutionNode = FALSE
	EndGlobalSection
	GlobalSection(ExtensibilityGlobals) = postSolution
		SolutionGuid = {92B608CE-2F6F-4605-B46F-04F5DD40DA67}
	EndGlobalSection
EndGlobal
